
Microsoft Visual Studio Solution File, Format Version 12.00
# Visual Studio Version 16
VisualStudioVersion = 16.0.31613.86
MinimumVisualStudioVersion = 10.0.40219.1
Project("{9A19103F-16F7-4668-BE54-9A1E7A4F7556}") = "TicTacToeGame", "TicTacToeGame\TicTacToeGame.csproj", "{6FAC16F6-2F82-4D07-A335-C2BB9FFC1341}"
EndProject
Project("{FAE04EC0-301F-11D3-BF4B-00C04F79EFBC}") = "BoardLogic", "BoardLogic\BoardLogic.csproj", "{DA98A508-CE55-4662-97B7-AB55858B7458}"
EndProject
Project("{FAE04EC0-301F-11D3-BF4B-00C04F79EFBC}") = "TicTacToeGUI", "TicTacToeGUI\TicTacToeGUI.csproj", "{6BB6DEF1-2EA0-4588-80C7-6527DBA303EC}"
EndProject
Global
	GlobalSection(SolutionConfigurationPlatforms) = preSolution
		Debug|Any CPU = Debug|Any CPU
		Release|Any CPU = Release|Any CPU
	EndGlobalSection
	GlobalSection(ProjectConfigurationPlatforms) = postSolution
		{6FAC16F6-2F82-4D07-A335-C2BB9FFC1341}.Debug|Any CPU.ActiveCfg = Debug|Any CPU
		{6FAC16F6-2F82-4D07-A335-C2BB9FFC1341}.Debug|Any CPU.Build.0 = Debug|Any CPU
		{6FAC16F6-2F82-4D07-A335-C2BB9FFC1341}.Release|Any CPU.ActiveCfg = Release|Any CPU
		{6FAC16F6-2F82-4D07-A335-C2BB9FFC1341}.Release|Any CPU.Build.0 = Release|Any CPU
		{DA98A508-CE55-4662-97B7-AB55858B7458}.Debug|Any CPU.ActiveCfg = Debug|Any CPU
		{DA98A508-CE55-4662-97B7-AB55858B7458}.Debug|Any CPU.Build.0 = Debug|Any CPU
		{DA98A508-CE55-4662-97B7-AB55858B7458}.Release|Any CPU.ActiveCfg = Release|Any CPU
		{DA98A508-CE55-4662-97B7-AB55858B7458}.Release|Any CPU.Build.0 = Release|Any CPU
		{6BB6DEF1-2EA0-4588-80C7-6527DBA303EC}.Debug|Any CPU.ActiveCfg = Debug|Any CPU
		{6BB6DEF1-2EA0-4588-80C7-6527DBA303EC}.Debug|Any CPU.Build.0 = Debug|Any CPU
		{6BB6DEF1-2EA0-4588-80C7-6527DBA303EC}.Release|Any CPU.ActiveCfg = Release|Any CPU
		{6BB6DEF1-2EA0-4588-80C7-6527DBA303EC}.Release|Any CPU.Build.0 = Release|Any CPU
	EndGlobalSection
	GlobalSection(SolutionProperties) = preSolution
		HideSolutionNode = FALSE
	EndGlobalSection
	GlobalSection(ExtensibilityGlobals) = postSolution
		SolutionGuid = {34892EF0-6A3A-4304-B484-1C0B6F58F949}
	EndGlobalSection
EndGlobal
